
Microsoft Visual Studio Solution File, Format Version 12.00
# Visual Studio Version 17
VisualStudioVersion = 17.14.36616.10
MinimumVisualStudioVersion = 10.0.40219.1
Project("{FAE04EC0-301F-11D3-BF4B-00C04F79EFBC}") = "DGLabGameController", "DGLabGameController\DGLabGameController.csproj", "{6F2FDE83-5931-4B35-93C8-8373D0D79303}"
EndProject
Project("{FAE04EC0-301F-11D3-BF4B-00C04F79EFBC}") = "Avalonia.DawnTheme", "Dawn.Avalonia\Avalonia.DawnTheme.csproj", "{D33F795C-0716-4070-8590-634D7AD8F238}"
EndProject
Global
	GlobalSection(SolutionConfigurationPlatforms) = preSolution
		Debug|Any CPU = Debug|Any CPU
		Release|Any CPU = Release|Any CPU
	EndGlobalSection
	GlobalSection(ProjectConfigurationPlatforms) = postSolution
		{6F2FDE83-5931-4B35-93C8-8373D0D79303}.Debug|Any CPU.ActiveCfg = Debug|Any CPU
		{6F2FDE83-5931-4B35-93C8-8373D0D79303}.Debug|Any CPU.Build.0 = Debug|Any CPU
		{6F2FDE83-5931-4B35-93C8-8373D0D79303}.Release|Any CPU.ActiveCfg = Release|Any CPU
		{6F2FDE83-5931-4B35-93C8-8373D0D79303}.Release|Any CPU.Build.0 = Release|Any CPU
		{D33F795C-0716-4070-8590-634D7AD8F238}.Debug|Any CPU.ActiveCfg = Debug|Any CPU
		{D33F795C-0716-4070-8590-634D7AD8F238}.Debug|Any CPU.Build.0 = Debug|Any CPU
		{D33F795C-0716-4070-8590-634D7AD8F238}.Release|Any CPU.ActiveCfg = Release|Any CPU
		{D33F795C-0716-4070-8590-634D7AD8F238}.Release|Any CPU.Build.0 = Release|Any CPU
	EndGlobalSection
	GlobalSection(SolutionProperties) = preSolution
		HideSolutionNode = FALSE
	EndGlobalSection
	GlobalSection(ExtensibilityGlobals) = postSolution
		SolutionGuid = {EEDDAAB9-D081-47E4-B9F4-EB08F8DE316D}
	EndGlobalSection
EndGlobal
